
Microsoft Visual Studio Solution File, Format Version 12.00
# Visual Studio 15
VisualStudioVersion = 15.0.27130.2010
MinimumVisualStudioVersion = 10.0.40219.1
Project("{FAE04EC0-301F-11D3-BF4B-00C04F79EFBC}") = "CroatianLessons.Standard.Android", "CroatianLessons.Standard\CroatianLessons.Standard.Android\CroatianLessons.Standard.Android.csproj", "{ADC719A4-2D93-4EFE-AE24-68618539332D}"
EndProject
Project("{FAE04EC0-301F-11D3-BF4B-00C04F79EFBC}") = "CroatianLessons.Standard.iOS", "CroatianLessons.Standard\CroatianLessons.Standard.iOS\CroatianLessons.Standard.iOS.csproj", "{2B4BF06A-A6C1-4CE8-8962-A5FB5D5C743D}"
EndProject
Project("{9A19103F-16F7-4668-BE54-9A1E7A4F7556}") = "CroatianLessons.Standard", "CroatianLessons.Standard\CroatianLessons.Standard\CroatianLessons.Standard.csproj", "{870374FB-8E9F-46D1-BAE1-18FDEFF40341}"
EndProject
Global
	GlobalSection(SolutionConfigurationPlatforms) = preSolution
		Ad-Hoc|Any CPU = Ad-Hoc|Any CPU
		Ad-Hoc|iPhone = Ad-Hoc|iPhone
		Ad-Hoc|iPhoneSimulator = Ad-Hoc|iPhoneSimulator
		AppStore|Any CPU = AppStore|Any CPU
		AppStore|iPhone = AppStore|iPhone
		AppStore|iPhoneSimulator = AppStore|iPhoneSimulator
		Debug|Any CPU = Debug|Any CPU
		Debug|iPhone = Debug|iPhone
		Debug|iPhoneSimulator = Debug|iPhoneSimulator
		Release|Any CPU = Release|Any CPU
		Release|iPhone = Release|iPhone
		Release|iPhoneSimulator = Release|iPhoneSimulator
	EndGlobalSection
	GlobalSection(ProjectConfigurationPlatforms) = postSolution
		{ADC719A4-2D93-4EFE-AE24-68618539332D}.Ad-Hoc|Any CPU.ActiveCfg = Release|Any CPU
		{ADC719A4-2D93-4EFE-AE24-68618539332D}.Ad-Hoc|Any CPU.Build.0 = Release|Any CPU
		{ADC719A4-2D93-4EFE-AE24-68618539332D}.Ad-Hoc|Any CPU.Deploy.0 = Release|Any CPU
		{ADC719A4-2D93-4EFE-AE24-68618539332D}.Ad-Hoc|iPhone.ActiveCfg = Release|Any CPU
		{ADC719A4-2D93-4EFE-AE24-68618539332D}.Ad-Hoc|iPhone.Build.0 = Release|Any CPU
		{ADC719A4-2D93-4EFE-AE24-68618539332D}.Ad-Hoc|iPhone.Deploy.0 = Release|Any CPU
		{ADC719A4-2D93-4EFE-AE24-68618539332D}.Ad-Hoc|iPhoneSimulator.ActiveCfg = Release|Any CPU
		{ADC719A4-2D93-4EFE-AE24-68618539332D}.Ad-Hoc|iPhoneSimulator.Build.0 = Release|Any CPU
		{ADC719A4-2D93-4EFE-AE24-68618539332D}.Ad-Hoc|iPhoneSimulator.Deploy.0 = Release|Any CPU
		{ADC719A4-2D93-4EFE-AE24-68618539332D}.AppStore|Any CPU.ActiveCfg = Release|Any CPU
		{ADC719A4-2D93-4EFE-AE24-68618539332D}.AppStore|Any CPU.Build.0 = Release|Any CPU
		{ADC719A4-2D93-4EFE-AE24-68618539332D}.AppStore|Any CPU.Deploy.0 = Release|Any CPU
		{ADC719A4-2D93-4EFE-AE24-68618539332D}.AppStore|iPhone.ActiveCfg = Release|Any CPU
		{ADC719A4-2D93-4EFE-AE24-68618539332D}.AppStore|iPhone.Build.0 = Release|Any CPU
		{ADC719A4-2D93-4EFE-AE24-68618539332D}.AppStore|iPhone.Deploy.0 = Release|Any CPU
		{ADC719A4-2D93-4EFE-AE24-68618539332D}.AppStore|iPhoneSimulator.ActiveCfg = Release|Any CPU
		{ADC719A4-2D93-4EFE-AE24-68618539332D}.AppStore|iPhoneSimulator.Build.0 = Release|Any CPU
		{ADC719A4-2D93-4EFE-AE24-68618539332D}.AppStore|iPhoneSimulator.Deploy.0 = Release|Any CPU
		{ADC719A4-2D93-4EFE-AE24-68618539332D}.Debug|Any CPU.ActiveCfg = Debug|Any CPU
		{ADC719A4-2D93-4EFE-AE24-68618539332D}.Debug|Any CPU.Build.0 = Debug|Any CPU
		{ADC719A4-2D93-4EFE-AE24-68618539332D}.Debug|Any CPU.Deploy.0 = Debug|Any CPU
		{ADC719A4-2D93-4EFE-AE24-68618539332D}.Debug|iPhone.ActiveCfg = Debug|Any CPU
		{ADC719A4-2D93-4EFE-AE24-68618539332D}.Debug|iPhone.Build.0 = Debug|Any CPU
		{ADC719A4-2D93-4EFE-AE24-68618539332D}.Debug|iPhone.Deploy.0 = Debug|Any CPU
		{ADC719A4-2D93-4EFE-AE24-68618539332D}.Debug|iPhoneSimulator.ActiveCfg = Debug|Any CPU
		{ADC719A4-2D93-4EFE-AE24-68618539332D}.Debug|iPhoneSimulator.Build.0 = Debug|Any CPU
		{ADC719A4-2D93-4EFE-AE24-68618539332D}.Debug|iPhoneSimulator.Deploy.0 = Debug|Any CPU
		{ADC719A4-2D93-4EFE-AE24-68618539332D}.Release|Any CPU.ActiveCfg = Release|Any CPU
		{ADC719A4-2D93-4EFE-AE24-68618539332D}.Release|Any CPU.Build.0 = Release|Any CPU
		{ADC719A4-2D93-4EFE-AE24-68618539332D}.Release|Any CPU.Deploy.0 = Release|Any CPU
		{ADC719A4-2D93-4EFE-AE24-68618539332D}.Release|iPhone.ActiveCfg = Release|Any CPU
		{ADC719A4-2D93-4EFE-AE24-68618539332D}.Release|iPhone.Build.0 = Release|Any CPU
		{ADC719A4-2D93-4EFE-AE24-68618539332D}.Release|iPhone.Deploy.0 = Release|Any CPU
		{ADC719A4-2D93-4EFE-AE24-68618539332D}.Release|iPhoneSimulator.ActiveCfg = Release|Any CPU
		{ADC719A4-2D93-4EFE-AE24-68618539332D}.Release|iPhoneSimulator.Build.0 = Release|Any CPU
		{ADC719A4-2D93-4EFE-AE24-68618539332D}.Release|iPhoneSimulator.Deploy.0 = Release|Any CPU
		{2B4BF06A-A6C1-4CE8-8962-A5FB5D5C743D}.Ad-Hoc|Any CPU.ActiveCfg = Ad-Hoc|iPhone
		{2B4BF06A-A6C1-4CE8-8962-A5FB5D5C743D}.Ad-Hoc|iPhone.ActiveCfg = Ad-Hoc|iPhone
		{2B4BF06A-A6C1-4CE8-8962-A5FB5D5C743D}.Ad-Hoc|iPhone.Build.0 = Ad-Hoc|iPhone
		{2B4BF06A-A6C1-4CE8-8962-A5FB5D5C743D}.Ad-Hoc|iPhoneSimulator.ActiveCfg = Ad-Hoc|iPhoneSimulator
		{2B4BF06A-A6C1-4CE8-8962-A5FB5D5C743D}.Ad-Hoc|iPhoneSimulator.Build.0 = Ad-Hoc|iPhoneSimulator
		{2B4BF06A-A6C1-4CE8-8962-A5FB5D5C743D}.AppStore|Any CPU.ActiveCfg = AppStore|iPhone
		{2B4BF06A-A6C1-4CE8-8962-A5FB5D5C743D}.AppStore|iPhone.ActiveCfg = AppStore|iPhone
		{2B4BF06A-A6C1-4CE8-8962-A5FB5D5C743D}.AppStore|iPhone.Build.0 = AppStore|iPhone
		{2B4BF06A-A6C1-4CE8-8962-A5FB5D5C743D}.AppStore|iPhoneSimulator.ActiveCfg = AppStore|iPhoneSimulator
		{2B4BF06A-A6C1-4CE8-8962-A5FB5D5C743D}.AppStore|iPhoneSimulator.Build.0 = AppStore|iPhoneSimulator
		{2B4BF06A-A6C1-4CE8-8962-A5FB5D5C743D}.Debug|Any CPU.ActiveCfg = Debug|iPhone
		{2B4BF06A-A6C1-4CE8-8962-A5FB5D5C743D}.Debug|iPhone.ActiveCfg = Debug|iPhone
		{2B4BF06A-A6C1-4CE8-8962-A5FB5D5C743D}.Debug|iPhone.Build.0 = Debug|iPhone
		{2B4BF06A-A6C1-4CE8-8962-A5FB5D5C743D}.Debug|iPhoneSimulator.ActiveCfg = Debug|iPhoneSimulator
		{2B4BF06A-A6C1-4CE8-8962-A5FB5D5C743D}.Debug|iPhoneSimulator.Build.0 = Debug|iPhoneSimulator
		{2B4BF06A-A6C1-4CE8-8962-A5FB5D5C743D}.Release|Any CPU.ActiveCfg = Release|iPhone
		{2B4BF06A-A6C1-4CE8-8962-A5FB5D5C743D}.Release|iPhone.ActiveCfg = Release|iPhone
		{2B4BF06A-A6C1-4CE8-8962-A5FB5D5C743D}.Release|iPhone.Build.0 = Release|iPhone
		{2B4BF06A-A6C1-4CE8-8962-A5FB5D5C743D}.Release|iPhoneSimulator.ActiveCfg = Release|iPhoneSimulator
		{2B4BF06A-A6C1-4CE8-8962-A5FB5D5C743D}.Release|iPhoneSimulator.Build.0 = Release|iPhoneSimulator
		{870374FB-8E9F-46D1-BAE1-18FDEFF40341}.Ad-Hoc|Any CPU.ActiveCfg = Debug|Any CPU
		{870374FB-8E9F-46D1-BAE1-18FDEFF40341}.Ad-Hoc|Any CPU.Build.0 = Debug|Any CPU
		{870374FB-8E9F-46D1-BAE1-18FDEFF40341}.Ad-Hoc|iPhone.ActiveCfg = Debug|Any CPU
		{870374FB-8E9F-46D1-BAE1-18FDEFF40341}.Ad-Hoc|iPhone.Build.0 = Debug|Any CPU
		{870374FB-8E9F-46D1-BAE1-18FDEFF40341}.Ad-Hoc|iPhoneSimulator.ActiveCfg = Debug|Any CPU
		{870374FB-8E9F-46D1-BAE1-18FDEFF40341}.Ad-Hoc|iPhoneSimulator.Build.0 = Debug|Any CPU
		{870374FB-8E9F-46D1-BAE1-18FDEFF40341}.AppStore|Any CPU.ActiveCfg = Debug|Any CPU
		{870374FB-8E9F-46D1-BAE1-18FDEFF40341}.AppStore|Any CPU.Build.0 = Debug|Any CPU
		{870374FB-8E9F-46D1-BAE1-18FDEFF40341}.AppStore|iPhone.ActiveCfg = Debug|Any CPU
		{870374FB-8E9F-46D1-BAE1-18FDEFF40341}.AppStore|iPhone.Build.0 = Debug|Any CPU
		{870374FB-8E9F-46D1-BAE1-18FDEFF40341}.AppStore|iPhoneSimulator.ActiveCfg = Debug|Any CPU
		{870374FB-8E9F-46D1-BAE1-18FDEFF40341}.AppStore|iPhoneSimulator.Build.0 = Debug|Any CPU
		{870374FB-8E9F-46D1-BAE1-18FDEFF40341}.Debug|Any CPU.ActiveCfg = Debug|Any CPU
		{870374FB-8E9F-46D1-BAE1-18FDEFF40341}.Debug|Any CPU.Build.0 = Debug|Any CPU
		{870374FB-8E9F-46D1-BAE1-18FDEFF40341}.Debug|iPhone.ActiveCfg = Debug|Any CPU
		{870374FB-8E9F-46D1-BAE1-18FDEFF40341}.Debug|iPhone.Build.0 = Debug|Any CPU
		{870374FB-8E9F-46D1-BAE1-18FDEFF40341}.Debug|iPhoneSimulator.ActiveCfg = Debug|Any CPU
		{870374FB-8E9F-46D1-BAE1-18FDEFF40341}.Debug|iPhoneSimulator.Build.0 = Debug|Any CPU
		{870374FB-8E9F-46D1-BAE1-18FDEFF40341}.Release|Any CPU.ActiveCfg = Release|Any CPU
		{870374FB-8E9F-46D1-BAE1-18FDEFF40341}.Release|Any CPU.Build.0 = Release|Any CPU
		{870374FB-8E9F-46D1-BAE1-18FDEFF40341}.Release|iPhone.ActiveCfg = Release|Any CPU
		{870374FB-8E9F-46D1-BAE1-18FDEFF40341}.Release|iPhone.Build.0 = Release|Any CPU
		{870374FB-8E9F-46D1-BAE1-18FDEFF40341}.Release|iPhoneSimulator.ActiveCfg = Release|Any CPU
		{870374FB-8E9F-46D1-BAE1-18FDEFF40341}.Release|iPhoneSimulator.Build.0 = Release|Any CPU
	EndGlobalSection
	GlobalSection(SolutionProperties) = preSolution
		HideSolutionNode = FALSE
	EndGlobalSection
	GlobalSection(ExtensibilityGlobals) = postSolution
		SolutionGuid = {85B3D2AD-B629-4609-8C24-BFAA4430827B}
	EndGlobalSection
EndGlobal
